
Microsoft Visual Studio Solution File, Format Version 12.00
# Visual Studio 15
VisualStudioVersion = 15.0.26730.10
MinimumVisualStudioVersion = 10.0.40219.1
Project("{9A19103F-16F7-4668-BE54-9A1E7A4F7556}") = "Domain", "Contract.DAL\Domain.csproj", "{3C5EDACE-CD86-44BB-BB23-3CC0AE0968A9}"
EndProject
Project("{9A19103F-16F7-4668-BE54-9A1E7A4F7556}") = "Infrastructure", "Infrastructure.DAL\Infrastructure.csproj", "{A1677A8D-A936-41C3-B80D-5CE72ADE612D}"
EndProject
Project("{9A19103F-16F7-4668-BE54-9A1E7A4F7556}") = "Application", "Infrastructure.BUS\Application.csproj", "{25431E28-9394-49DF-A8B6-5FEFA0CA94D8}"
EndProject
Project("{9A19103F-16F7-4668-BE54-9A1E7A4F7556}") = "Web", "Web\Web.csproj", "{234E77BC-8580-4665-BD34-ACD08097A260}"
EndProject
Project("{E53339B2-1760-4266-BCC7-CA923CBCF16C}") = "docker-compose", "docker-compose.dcproj", "{DD9FBDEE-A100-4387-8EFD-E35CE5FE4A79}"
EndProject
Project("{9A19103F-16F7-4668-BE54-9A1E7A4F7556}") = "WebApi", "WebApi\WebApi.csproj", "{69AFC140-5CA1-4626-9F5D-C0C53D352B84}"
EndProject
Project("{2150E333-8FDC-42A3-9474-1A3956D46DE8}") = "Application", "Application", "{67773973-C88A-4B99-B084-78A1AEA32B28}"
EndProject
Project("{2150E333-8FDC-42A3-9474-1A3956D46DE8}") = "1. Project", "1. Project", "{8A3F6868-A80C-4308-9885-3602B882F86C}"
EndProject
Project("{2150E333-8FDC-42A3-9474-1A3956D46DE8}") = "A. Infrastructure", "A. Infrastructure", "{406EF9D4-16FB-4883-B833-57C43B2A8F83}"
EndProject
Project("{2150E333-8FDC-42A3-9474-1A3956D46DE8}") = "B. Domain", "B. Domain", "{B9E80ED3-A616-42B3-85A4-D219BB133149}"
EndProject
Project("{2150E333-8FDC-42A3-9474-1A3956D46DE8}") = "C. Application", "C. Application", "{ED811C1C-1B61-4383-A78D-C99EAA1DA4F4}"
EndProject
Project("{2150E333-8FDC-42A3-9474-1A3956D46DE8}") = "D. Web", "D. Web", "{969A3982-86F3-4FF7-900C-CE009818EE81}"
EndProject
Project("{2150E333-8FDC-42A3-9474-1A3956D46DE8}") = "E. WebApi", "E. WebApi", "{16094EFE-6B38-4A3D-B537-8854F73C7650}"
EndProject
Global
	GlobalSection(SolutionConfigurationPlatforms) = preSolution
		Debug|Any CPU = Debug|Any CPU
		Release|Any CPU = Release|Any CPU
	EndGlobalSection
	GlobalSection(ProjectConfigurationPlatforms) = postSolution
		{3C5EDACE-CD86-44BB-BB23-3CC0AE0968A9}.Debug|Any CPU.ActiveCfg = Debug|Any CPU
		{3C5EDACE-CD86-44BB-BB23-3CC0AE0968A9}.Debug|Any CPU.Build.0 = Debug|Any CPU
		{3C5EDACE-CD86-44BB-BB23-3CC0AE0968A9}.Release|Any CPU.ActiveCfg = Release|Any CPU
		{3C5EDACE-CD86-44BB-BB23-3CC0AE0968A9}.Release|Any CPU.Build.0 = Release|Any CPU
		{A1677A8D-A936-41C3-B80D-5CE72ADE612D}.Debug|Any CPU.ActiveCfg = Debug|Any CPU
		{A1677A8D-A936-41C3-B80D-5CE72ADE612D}.Debug|Any CPU.Build.0 = Debug|Any CPU
		{A1677A8D-A936-41C3-B80D-5CE72ADE612D}.Release|Any CPU.ActiveCfg = Release|Any CPU
		{A1677A8D-A936-41C3-B80D-5CE72ADE612D}.Release|Any CPU.Build.0 = Release|Any CPU
		{25431E28-9394-49DF-A8B6-5FEFA0CA94D8}.Debug|Any CPU.ActiveCfg = Debug|Any CPU
		{25431E28-9394-49DF-A8B6-5FEFA0CA94D8}.Debug|Any CPU.Build.0 = Debug|Any CPU
		{25431E28-9394-49DF-A8B6-5FEFA0CA94D8}.Release|Any CPU.ActiveCfg = Release|Any CPU
		{25431E28-9394-49DF-A8B6-5FEFA0CA94D8}.Release|Any CPU.Build.0 = Release|Any CPU
		{234E77BC-8580-4665-BD34-ACD08097A260}.Debug|Any CPU.ActiveCfg = Debug|Any CPU
		{234E77BC-8580-4665-BD34-ACD08097A260}.Debug|Any CPU.Build.0 = Debug|Any CPU
		{234E77BC-8580-4665-BD34-ACD08097A260}.Release|Any CPU.ActiveCfg = Release|Any CPU
		{234E77BC-8580-4665-BD34-ACD08097A260}.Release|Any CPU.Build.0 = Release|Any CPU
		{DD9FBDEE-A100-4387-8EFD-E35CE5FE4A79}.Debug|Any CPU.ActiveCfg = Debug|Any CPU
		{DD9FBDEE-A100-4387-8EFD-E35CE5FE4A79}.Debug|Any CPU.Build.0 = Debug|Any CPU
		{DD9FBDEE-A100-4387-8EFD-E35CE5FE4A79}.Release|Any CPU.ActiveCfg = Release|Any CPU
		{DD9FBDEE-A100-4387-8EFD-E35CE5FE4A79}.Release|Any CPU.Build.0 = Release|Any CPU
		{69AFC140-5CA1-4626-9F5D-C0C53D352B84}.Debug|Any CPU.ActiveCfg = Debug|Any CPU
		{69AFC140-5CA1-4626-9F5D-C0C53D352B84}.Debug|Any CPU.Build.0 = Debug|Any CPU
		{69AFC140-5CA1-4626-9F5D-C0C53D352B84}.Release|Any CPU.ActiveCfg = Release|Any CPU
		{69AFC140-5CA1-4626-9F5D-C0C53D352B84}.Release|Any CPU.Build.0 = Release|Any CPU
	EndGlobalSection
	GlobalSection(SolutionProperties) = preSolution
		HideSolutionNode = FALSE
	EndGlobalSection
	GlobalSection(NestedProjects) = preSolution
		{3C5EDACE-CD86-44BB-BB23-3CC0AE0968A9} = {B9E80ED3-A616-42B3-85A4-D219BB133149}
		{A1677A8D-A936-41C3-B80D-5CE72ADE612D} = {406EF9D4-16FB-4883-B833-57C43B2A8F83}
		{25431E28-9394-49DF-A8B6-5FEFA0CA94D8} = {ED811C1C-1B61-4383-A78D-C99EAA1DA4F4}
		{234E77BC-8580-4665-BD34-ACD08097A260} = {969A3982-86F3-4FF7-900C-CE009818EE81}
		{69AFC140-5CA1-4626-9F5D-C0C53D352B84} = {16094EFE-6B38-4A3D-B537-8854F73C7650}
		{8A3F6868-A80C-4308-9885-3602B882F86C} = {67773973-C88A-4B99-B084-78A1AEA32B28}
		{406EF9D4-16FB-4883-B833-57C43B2A8F83} = {8A3F6868-A80C-4308-9885-3602B882F86C}
		{B9E80ED3-A616-42B3-85A4-D219BB133149} = {8A3F6868-A80C-4308-9885-3602B882F86C}
		{ED811C1C-1B61-4383-A78D-C99EAA1DA4F4} = {8A3F6868-A80C-4308-9885-3602B882F86C}
		{969A3982-86F3-4FF7-900C-CE009818EE81} = {8A3F6868-A80C-4308-9885-3602B882F86C}
		{16094EFE-6B38-4A3D-B537-8854F73C7650} = {8A3F6868-A80C-4308-9885-3602B882F86C}
	EndGlobalSection
	GlobalSection(ExtensibilityGlobals) = postSolution
		SolutionGuid = {98609CB7-DB5B-4B76-A6B5-C495E9C33F72}
	EndGlobalSection
EndGlobal
