
Microsoft Visual Studio Solution File, Format Version 12.00
# Visual Studio 15
VisualStudioVersion = 15.0.26730.8
MinimumVisualStudioVersion = 10.0.40219.1
Project("{2150E333-8FDC-42A3-9474-1A3956D46DE8}") = "1.Contract", "1.Contract", "{7C63E0ED-B378-4837-B4C6-B5C334476BCB}"
EndProject
Project("{2150E333-8FDC-42A3-9474-1A3956D46DE8}") = "2.Infrastructure", "2.Infrastructure", "{75F1DDF4-9852-4717-82D4-4119E26818CB}"
EndProject
Project("{2150E333-8FDC-42A3-9474-1A3956D46DE8}") = "1.1.DAL", "1.1.DAL", "{51A2A4C3-018F-42F6-97D9-A7A71C2859CE}"
EndProject
Project("{2150E333-8FDC-42A3-9474-1A3956D46DE8}") = "1.2.BusinessLogic", "1.2.BusinessLogic", "{1DA5C0D0-A941-4660-9672-905BA06A2F6F}"
EndProject
Project("{2150E333-8FDC-42A3-9474-1A3956D46DE8}") = "2.1.DAL", "2.1.DAL", "{7960A1C9-1FBC-41F9-AD68-35950028F80D}"
EndProject
Project("{2150E333-8FDC-42A3-9474-1A3956D46DE8}") = "2.2.BusinessLogic", "2.2.BusinessLogic", "{4108DC07-03D4-4389-AB57-E4135F4C9F3A}"
EndProject
Project("{9A19103F-16F7-4668-BE54-9A1E7A4F7556}") = "Contract.DAL", "Contract.DAL\Contract.DAL.csproj", "{3C5EDACE-CD86-44BB-BB23-3CC0AE0968A9}"
EndProject
Project("{9A19103F-16F7-4668-BE54-9A1E7A4F7556}") = "Contract.BUS", "Contract.BUS\Contract.BUS.csproj", "{73F619FF-FC41-47BA-A5D3-18636A72D66A}"
EndProject
Project("{9A19103F-16F7-4668-BE54-9A1E7A4F7556}") = "Infrastructure.DAL", "Infrastructure.DAL\Infrastructure.DAL.csproj", "{A1677A8D-A936-41C3-B80D-5CE72ADE612D}"
EndProject
Project("{9A19103F-16F7-4668-BE54-9A1E7A4F7556}") = "Infrastructure.BUS", "Infrastructure.BUS\Infrastructure.BUS.csproj", "{25431E28-9394-49DF-A8B6-5FEFA0CA94D8}"
EndProject
Project("{9A19103F-16F7-4668-BE54-9A1E7A4F7556}") = "Web", "Web\Web.csproj", "{234E77BC-8580-4665-BD34-ACD08097A260}"
EndProject
Project("{E53339B2-1760-4266-BCC7-CA923CBCF16C}") = "docker-compose", "docker-compose.dcproj", "{DD9FBDEE-A100-4387-8EFD-E35CE5FE4A79}"
EndProject
Project("{FAE04EC0-301F-11D3-BF4B-00C04F79EFBC}") = "WebApi", "WebApi\WebApi.csproj", "{69AFC140-5CA1-4626-9F5D-C0C53D352B84}"
EndProject
Global
	GlobalSection(SolutionConfigurationPlatforms) = preSolution
		Debug|Any CPU = Debug|Any CPU
		Release|Any CPU = Release|Any CPU
	EndGlobalSection
	GlobalSection(ProjectConfigurationPlatforms) = postSolution
		{3C5EDACE-CD86-44BB-BB23-3CC0AE0968A9}.Debug|Any CPU.ActiveCfg = Debug|Any CPU
		{3C5EDACE-CD86-44BB-BB23-3CC0AE0968A9}.Debug|Any CPU.Build.0 = Debug|Any CPU
		{3C5EDACE-CD86-44BB-BB23-3CC0AE0968A9}.Release|Any CPU.ActiveCfg = Release|Any CPU
		{3C5EDACE-CD86-44BB-BB23-3CC0AE0968A9}.Release|Any CPU.Build.0 = Release|Any CPU
		{73F619FF-FC41-47BA-A5D3-18636A72D66A}.Debug|Any CPU.ActiveCfg = Debug|Any CPU
		{73F619FF-FC41-47BA-A5D3-18636A72D66A}.Debug|Any CPU.Build.0 = Debug|Any CPU
		{73F619FF-FC41-47BA-A5D3-18636A72D66A}.Release|Any CPU.ActiveCfg = Release|Any CPU
		{73F619FF-FC41-47BA-A5D3-18636A72D66A}.Release|Any CPU.Build.0 = Release|Any CPU
		{A1677A8D-A936-41C3-B80D-5CE72ADE612D}.Debug|Any CPU.ActiveCfg = Debug|Any CPU
		{A1677A8D-A936-41C3-B80D-5CE72ADE612D}.Debug|Any CPU.Build.0 = Debug|Any CPU
		{A1677A8D-A936-41C3-B80D-5CE72ADE612D}.Release|Any CPU.ActiveCfg = Release|Any CPU
		{A1677A8D-A936-41C3-B80D-5CE72ADE612D}.Release|Any CPU.Build.0 = Release|Any CPU
		{25431E28-9394-49DF-A8B6-5FEFA0CA94D8}.Debug|Any CPU.ActiveCfg = Debug|Any CPU
		{25431E28-9394-49DF-A8B6-5FEFA0CA94D8}.Debug|Any CPU.Build.0 = Debug|Any CPU
		{25431E28-9394-49DF-A8B6-5FEFA0CA94D8}.Release|Any CPU.ActiveCfg = Release|Any CPU
		{25431E28-9394-49DF-A8B6-5FEFA0CA94D8}.Release|Any CPU.Build.0 = Release|Any CPU
		{234E77BC-8580-4665-BD34-ACD08097A260}.Debug|Any CPU.ActiveCfg = Debug|Any CPU
		{234E77BC-8580-4665-BD34-ACD08097A260}.Debug|Any CPU.Build.0 = Debug|Any CPU
		{234E77BC-8580-4665-BD34-ACD08097A260}.Release|Any CPU.ActiveCfg = Release|Any CPU
		{234E77BC-8580-4665-BD34-ACD08097A260}.Release|Any CPU.Build.0 = Release|Any CPU
		{DD9FBDEE-A100-4387-8EFD-E35CE5FE4A79}.Debug|Any CPU.ActiveCfg = Debug|Any CPU
		{DD9FBDEE-A100-4387-8EFD-E35CE5FE4A79}.Debug|Any CPU.Build.0 = Debug|Any CPU
		{DD9FBDEE-A100-4387-8EFD-E35CE5FE4A79}.Release|Any CPU.ActiveCfg = Release|Any CPU
		{DD9FBDEE-A100-4387-8EFD-E35CE5FE4A79}.Release|Any CPU.Build.0 = Release|Any CPU
		{69AFC140-5CA1-4626-9F5D-C0C53D352B84}.Debug|Any CPU.ActiveCfg = Debug|Any CPU
		{69AFC140-5CA1-4626-9F5D-C0C53D352B84}.Debug|Any CPU.Build.0 = Debug|Any CPU
		{69AFC140-5CA1-4626-9F5D-C0C53D352B84}.Release|Any CPU.ActiveCfg = Release|Any CPU
		{69AFC140-5CA1-4626-9F5D-C0C53D352B84}.Release|Any CPU.Build.0 = Release|Any CPU
	EndGlobalSection
	GlobalSection(SolutionProperties) = preSolution
		HideSolutionNode = FALSE
	EndGlobalSection
	GlobalSection(NestedProjects) = preSolution
		{51A2A4C3-018F-42F6-97D9-A7A71C2859CE} = {7C63E0ED-B378-4837-B4C6-B5C334476BCB}
		{1DA5C0D0-A941-4660-9672-905BA06A2F6F} = {7C63E0ED-B378-4837-B4C6-B5C334476BCB}
		{7960A1C9-1FBC-41F9-AD68-35950028F80D} = {75F1DDF4-9852-4717-82D4-4119E26818CB}
		{4108DC07-03D4-4389-AB57-E4135F4C9F3A} = {75F1DDF4-9852-4717-82D4-4119E26818CB}
		{3C5EDACE-CD86-44BB-BB23-3CC0AE0968A9} = {51A2A4C3-018F-42F6-97D9-A7A71C2859CE}
		{73F619FF-FC41-47BA-A5D3-18636A72D66A} = {1DA5C0D0-A941-4660-9672-905BA06A2F6F}
		{A1677A8D-A936-41C3-B80D-5CE72ADE612D} = {7960A1C9-1FBC-41F9-AD68-35950028F80D}
		{25431E28-9394-49DF-A8B6-5FEFA0CA94D8} = {4108DC07-03D4-4389-AB57-E4135F4C9F3A}
	EndGlobalSection
	GlobalSection(ExtensibilityGlobals) = postSolution
		SolutionGuid = {98609CB7-DB5B-4B76-A6B5-C495E9C33F72}
	EndGlobalSection
EndGlobal
